
Microsoft Visual Studio Solution File, Format Version 12.00
# Visual Studio Version 17
VisualStudioVersion = 17.4.33122.133
MinimumVisualStudioVersion = 10.0.40219.1
Project("{9A19103F-16F7-4668-BE54-9A1E7A4F7556}") = "1", "1\1.csproj", "{B84B5725-108B-40D5-B6CE-3E74153A52DE}"
EndProject
Project("{9A19103F-16F7-4668-BE54-9A1E7A4F7556}") = "2", "2\2.csproj", "{3D1C60A2-B853-4358-8877-FD57D41818D9}"
EndProject
Project("{9A19103F-16F7-4668-BE54-9A1E7A4F7556}") = "3", "3\3.csproj", "{E5E7983B-2B2F-4D0C-8E28-4BCFA0935A94}"
EndProject
Project("{9A19103F-16F7-4668-BE54-9A1E7A4F7556}") = "4", "4\4.csproj", "{9F778B87-CE94-4C5D-AE06-E01D5A4ED516}"
EndProject
Project("{9A19103F-16F7-4668-BE54-9A1E7A4F7556}") = "5", "5\5.csproj", "{025F81B4-ADE5-466C-AC36-6073B4A72E4D}"
EndProject
Project("{9A19103F-16F7-4668-BE54-9A1E7A4F7556}") = "6", "6\6.csproj", "{BE4A1727-EDC1-4949-BD16-6120021358C0}"
EndProject
Project("{9A19103F-16F7-4668-BE54-9A1E7A4F7556}") = "7", "7\7.csproj", "{DD1ECCC8-EA85-4EB3-9A1C-DE8CAEE2F214}"
EndProject
Project("{FAE04EC0-301F-11D3-BF4B-00C04F79EFBC}") = "8", "8\8.csproj", "{3D7F3451-3C2C-4E41-8F02-536932C31BA0}"
EndProject
Global
	GlobalSection(SolutionConfigurationPlatforms) = preSolution
		Debug|Any CPU = Debug|Any CPU
		Release|Any CPU = Release|Any CPU
	EndGlobalSection
	GlobalSection(ProjectConfigurationPlatforms) = postSolution
		{B84B5725-108B-40D5-B6CE-3E74153A52DE}.Debug|Any CPU.ActiveCfg = Debug|Any CPU
		{B84B5725-108B-40D5-B6CE-3E74153A52DE}.Debug|Any CPU.Build.0 = Debug|Any CPU
		{B84B5725-108B-40D5-B6CE-3E74153A52DE}.Release|Any CPU.ActiveCfg = Release|Any CPU
		{B84B5725-108B-40D5-B6CE-3E74153A52DE}.Release|Any CPU.Build.0 = Release|Any CPU
		{3D1C60A2-B853-4358-8877-FD57D41818D9}.Debug|Any CPU.ActiveCfg = Debug|Any CPU
		{3D1C60A2-B853-4358-8877-FD57D41818D9}.Debug|Any CPU.Build.0 = Debug|Any CPU
		{3D1C60A2-B853-4358-8877-FD57D41818D9}.Release|Any CPU.ActiveCfg = Release|Any CPU
		{3D1C60A2-B853-4358-8877-FD57D41818D9}.Release|Any CPU.Build.0 = Release|Any CPU
		{E5E7983B-2B2F-4D0C-8E28-4BCFA0935A94}.Debug|Any CPU.ActiveCfg = Debug|Any CPU
		{E5E7983B-2B2F-4D0C-8E28-4BCFA0935A94}.Debug|Any CPU.Build.0 = Debug|Any CPU
		{E5E7983B-2B2F-4D0C-8E28-4BCFA0935A94}.Release|Any CPU.ActiveCfg = Release|Any CPU
		{E5E7983B-2B2F-4D0C-8E28-4BCFA0935A94}.Release|Any CPU.Build.0 = Release|Any CPU
		{9F778B87-CE94-4C5D-AE06-E01D5A4ED516}.Debug|Any CPU.ActiveCfg = Debug|Any CPU
		{9F778B87-CE94-4C5D-AE06-E01D5A4ED516}.Debug|Any CPU.Build.0 = Debug|Any CPU
		{9F778B87-CE94-4C5D-AE06-E01D5A4ED516}.Release|Any CPU.ActiveCfg = Release|Any CPU
		{9F778B87-CE94-4C5D-AE06-E01D5A4ED516}.Release|Any CPU.Build.0 = Release|Any CPU
		{025F81B4-ADE5-466C-AC36-6073B4A72E4D}.Debug|Any CPU.ActiveCfg = Debug|Any CPU
		{025F81B4-ADE5-466C-AC36-6073B4A72E4D}.Debug|Any CPU.Build.0 = Debug|Any CPU
		{025F81B4-ADE5-466C-AC36-6073B4A72E4D}.Release|Any CPU.ActiveCfg = Release|Any CPU
		{025F81B4-ADE5-466C-AC36-6073B4A72E4D}.Release|Any CPU.Build.0 = Release|Any CPU
		{BE4A1727-EDC1-4949-BD16-6120021358C0}.Debug|Any CPU.ActiveCfg = Debug|Any CPU
		{BE4A1727-EDC1-4949-BD16-6120021358C0}.Debug|Any CPU.Build.0 = Debug|Any CPU
		{BE4A1727-EDC1-4949-BD16-6120021358C0}.Release|Any CPU.ActiveCfg = Release|Any CPU
		{BE4A1727-EDC1-4949-BD16-6120021358C0}.Release|Any CPU.Build.0 = Release|Any CPU
		{DD1ECCC8-EA85-4EB3-9A1C-DE8CAEE2F214}.Debug|Any CPU.ActiveCfg = Debug|Any CPU
		{DD1ECCC8-EA85-4EB3-9A1C-DE8CAEE2F214}.Debug|Any CPU.Build.0 = Debug|Any CPU
		{DD1ECCC8-EA85-4EB3-9A1C-DE8CAEE2F214}.Release|Any CPU.ActiveCfg = Release|Any CPU
		{DD1ECCC8-EA85-4EB3-9A1C-DE8CAEE2F214}.Release|Any CPU.Build.0 = Release|Any CPU
		{3D7F3451-3C2C-4E41-8F02-536932C31BA0}.Debug|Any CPU.ActiveCfg = Debug|Any CPU
		{3D7F3451-3C2C-4E41-8F02-536932C31BA0}.Debug|Any CPU.Build.0 = Debug|Any CPU
		{3D7F3451-3C2C-4E41-8F02-536932C31BA0}.Release|Any CPU.ActiveCfg = Release|Any CPU
		{3D7F3451-3C2C-4E41-8F02-536932C31BA0}.Release|Any CPU.Build.0 = Release|Any CPU
	EndGlobalSection
	GlobalSection(SolutionProperties) = preSolution
		HideSolutionNode = FALSE
	EndGlobalSection
	GlobalSection(ExtensibilityGlobals) = postSolution
		SolutionGuid = {ECBC9FB2-C0B2-41D8-895A-95DB006D2A3D}
	EndGlobalSection
EndGlobal
